{
  "lockfileVersion": 1,
  "configVersion": 0,
  "workspaces": {
    "": {
      "name": "home-monitor",
      "dependencies": {
        "@elysiajs/cors": "^1.4.1",
        "@elysiajs/jwt": "^1.4.1",
        "@elysiajs/openapi": "^1.4.14",
        "@stoprocent/noble": "^2.3.16",
        "dotenv": "^17.3.1",
        "elysia": "^1.4.27",
        "tuyapi": "^7.7.1",
        "typescript": "^5.9.3",
      },
      "devDependencies": {
        "@types/node": "^22.19.13",
        "bun-types": "1.3.10",
        "concurrently": "^9.2.1",
        "oxfmt": "^0.36.0",
        "oxlint": "^1.2.0",
      },
    },
  },
  "packages": {
    "@borewit/text-codec": ["@borewit/text-codec@0.1.1", "", {}, "sha512-5L/uBxmjaCIX5h8Z+uu+kA9BQLkc/Wl06UGR5ajNRxu+/XjonB5i8JpgFMrPj3LXTCPA0pv8yxUvbUi+QthGGA=="],

    "@elysiajs/cors": ["@elysiajs/cors@1.4.1", "", { "peerDependencies": { "elysia": ">= 1.4.0" } }, "sha512-lQfad+F3r4mNwsxRKbXyJB8Jg43oAOXjRwn7sKUL6bcOW3KjUqUimTS+woNpO97efpzjtDE0tEjGk9DTw8lqTQ=="],

    "@elysiajs/jwt": ["@elysiajs/jwt@1.4.1", "", { "dependencies": { "jose": "^6.0.11" }, "peerDependencies": { "elysia": ">= 1.4.27" } }, "sha512-Qx28XE7hUf2XK/+HZB+hOBGSq6dPs4u1lk80wNge9jijAfzCwftxjOiAWO57RKYSEMdJTOG1ItEL5fbXjJyWsA=="],

    "@elysiajs/openapi": ["@elysiajs/openapi@1.4.14", "", { "peerDependencies": { "elysia": ">= 1.4.0" } }, "sha512-kWmJWdvP8/LwHwAJXSpz6xFfYUoyUyEPRimEYABuDU1rOnS27Da1u9T2jyU7frOopxKWV/wDfDxMP8z2xdCPJw=="],

    "@oxfmt/binding-android-arm-eabi": ["@oxfmt/binding-android-arm-eabi@0.36.0", "", { "os": "android", "cpu": "arm" }, "sha512-Z4yVHJWx/swHHjtr0dXrBZb6LxS+qNz1qdza222mWwPTUK4L790+5i3LTgjx3KYGBzcYpjaiZBw4vOx94dH7MQ=="],

    "@oxfmt/binding-android-arm64": ["@oxfmt/binding-android-arm64@0.36.0", "", { "os": "android", "cpu": "arm64" }, "sha512-3ElCJRFNPQl7jexf2CAa9XmAm8eC5JPrIDSjc9jSchkVSFTEqyL0NtZinBB2h1a4i4JgP1oGl/5G5n8YR4FN8Q=="],

    "@oxfmt/binding-darwin-arm64": ["@oxfmt/binding-darwin-arm64@0.36.0", "", { "os": "darwin", "cpu": "arm64" }, "sha512-nak4znWCqIExKhYSY/mz/lWsqWIpdsS7o0+SRzXR1Q0m7GrMcG1UrF1pS7TLGZhhkf7nTfEF7q6oZzJiodRDuw=="],

    "@oxfmt/binding-darwin-x64": ["@oxfmt/binding-darwin-x64@0.36.0", "", { "os": "darwin", "cpu": "x64" }, "sha512-V4GP96thDnpKx6ADnMDnhIXNdtV+Ql9D4HUU+a37VTeVbs5qQSF/s6hhUP1b3xUqU7iRcwh72jUU2Y12rtGHAw=="],

    "@oxfmt/binding-freebsd-x64": ["@oxfmt/binding-freebsd-x64@0.36.0", "", { "os": "freebsd", "cpu": "x64" }, "sha512-/xapWCADfI5wrhxpEUjhI9fnw7MV5BUZizVa8e24n3VSK6A3Y1TB/ClOP1tfxNspykFKXp4NBWl6NtDJP3osqQ=="],

    "@oxfmt/binding-linux-arm-gnueabihf": ["@oxfmt/binding-linux-arm-gnueabihf@0.36.0", "", { "os": "linux", "cpu": "arm" }, "sha512-1lOmv61XMFIH5uNm27620kRRzWt/RK6tdn250BRDoG9W7OXGOQ5UyI1HVT+SFkoOoKztBiinWgi68+NA1MjBVQ=="],

    "@oxfmt/binding-linux-arm-musleabihf": ["@oxfmt/binding-linux-arm-musleabihf@0.36.0", "", { "os": "linux", "cpu": "arm" }, "sha512-vMH23AskdR1ujUS9sPck2Df9rBVoZUnCVY86jisILzIQ/QQ/yKUTi7tgnIvydPx7TyB/48wsQ5QMr5Knq5p/aw=="],

    "@oxfmt/binding-linux-arm64-gnu": ["@oxfmt/binding-linux-arm64-gnu@0.36.0", "", { "os": "linux", "cpu": "arm64" }, "sha512-Hy1V+zOBHpBiENRx77qrUTt5aPDHeCASRc8K5KwwAHkX2AKP0nV89eL17hsZrE9GmnXFjsNmd80lyf7aRTXsbw=="],

    "@oxfmt/binding-linux-arm64-musl": ["@oxfmt/binding-linux-arm64-musl@0.36.0", "", { "os": "linux", "cpu": "arm64" }, "sha512-SPGLJkOIHSIC6ABUQ5V8NqJpvYhMJueJv26NYqfCnwi/Mn6A61amkpJJ9Suy0Nmvs+OWESJpcebrBUbXPGZyQQ=="],

    "@oxfmt/binding-linux-ppc64-gnu": ["@oxfmt/binding-linux-ppc64-gnu@0.36.0", "", { "os": "linux", "cpu": "ppc64" }, "sha512-3EuoyB8x9x8ysYJjbEO/M9fkSk72zQKnXCvpZMDHXlnY36/1qMp55Nm0PrCwjGO/1pen5hdOVkz9WmP3nAp2IQ=="],

    "@oxfmt/binding-linux-riscv64-gnu": ["@oxfmt/binding-linux-riscv64-gnu@0.36.0", "", { "os": "linux", "cpu": "none" }, "sha512-MpY3itLwpGh8dnywtrZtaZ604T1m715SydCKy0+qTxetv+IHzuA+aO/AGzrlzUNYZZmtWtmDBrChZGibvZxbRQ=="],

    "@oxfmt/binding-linux-riscv64-musl": ["@oxfmt/binding-linux-riscv64-musl@0.36.0", "", { "os": "linux", "cpu": "none" }, "sha512-mmDhe4Vtx+XwQPRPn/V25+APnkApYgZ23q+6GVsNYY98pf3aU0aI3Me96pbRs/AfJ1jIiGC+/6q71FEu8dHcHw=="],

    "@oxfmt/binding-linux-s390x-gnu": ["@oxfmt/binding-linux-s390x-gnu@0.36.0", "", { "os": "linux", "cpu": "s390x" }, "sha512-AYXhU+DmNWLSnvVwkHM92fuYhogtVHab7UQrPNaDf1sxadugg9gWVmcgJDlIwxJdpk5CVW/TFvwUKwI432zhhA=="],

    "@oxfmt/binding-linux-x64-gnu": ["@oxfmt/binding-linux-x64-gnu@0.36.0", "", { "os": "linux", "cpu": "x64" }, "sha512-H16QhhQ3usoakMleiAAQ2mg0NsBDAdyE9agUgfC8IHHh3jZEbr0rIKwjEqwbOHK5M0EmfhJmr+aGO/MgZPsneA=="],

    "@oxfmt/binding-linux-x64-musl": ["@oxfmt/binding-linux-x64-musl@0.36.0", "", { "os": "linux", "cpu": "x64" }, "sha512-EFFGkixA39BcmHiCe2ECdrq02D6FCve5ka6ObbvrheXl4V+R0U/E+/uLyVx1X65LW8TA8QQHdnbdDallRekohw=="],

    "@oxfmt/binding-openharmony-arm64": ["@oxfmt/binding-openharmony-arm64@0.36.0", "", { "os": "none", "cpu": "arm64" }, "sha512-zr/t369wZWFOj1qf06Z5gGNjFymfUNDrxKMmr7FKiDRVI1sNsdKRCuRL4XVjtcptKQ+ao3FfxLN1vrynivmCYg=="],

    "@oxfmt/binding-win32-arm64-msvc": ["@oxfmt/binding-win32-arm64-msvc@0.36.0", "", { "os": "win32", "cpu": "arm64" }, "sha512-FxO7UksTv8h4olzACgrqAXNF6BP329+H322323iDrMB5V/+a1kcAw07fsOsUmqNrb9iJBsCQgH/zqcqp5903ag=="],

    "@oxfmt/binding-win32-ia32-msvc": ["@oxfmt/binding-win32-ia32-msvc@0.36.0", "", { "os": "win32", "cpu": "ia32" }, "sha512-OjoMQ89H01M0oLMfr/CPNH1zi48ZIwxAKObUl57oh7ssUBNDp/2Vjf7E1TQ8M4oj4VFQ/byxl2SmcPNaI2YNDg=="],

    "@oxfmt/binding-win32-x64-msvc": ["@oxfmt/binding-win32-x64-msvc@0.36.0", "", { "os": "win32", "cpu": "x64" }, "sha512-MoyeQ9S36ZTz/4bDhOKJgOBIDROd4dQ5AkT9iezhEaUBxAPdNX9Oq0jD8OSnCj3G4wam/XNxVWKMA52kmzmPtQ=="],

    "@oxlint/binding-android-arm-eabi": ["@oxlint/binding-android-arm-eabi@1.51.0", "", { "os": "android", "cpu": "arm" }, "sha512-jJYIqbx4sX+suIxWstc4P7SzhEwb4ArWA2KVrmEuu9vH2i0qM6QIHz/ehmbGE4/2fZbpuMuBzTl7UkfNoqiSgw=="],

    "@oxlint/binding-android-arm64": ["@oxlint/binding-android-arm64@1.51.0", "", { "os": "android", "cpu": "arm64" }, "sha512-GtXyBCcH4ti98YdiMNCrpBNGitx87EjEWxevnyhcBK12k/Vu4EzSB45rzSC4fGFUD6sQgeaxItRCEEWeVwPafw=="],

    "@oxlint/binding-darwin-arm64": ["@oxlint/binding-darwin-arm64@1.51.0", "", { "os": "darwin", "cpu": "arm64" }, "sha512-3QJbeYaMHn6Bh2XeBXuITSsbnIctyTjvHf5nRjKYrT9pPeErNIpp5VDEeAXC0CZSwSVTsc8WOSDwgrAI24JolQ=="],

    "@oxlint/binding-darwin-x64": ["@oxlint/binding-darwin-x64@1.51.0", "", { "os": "darwin", "cpu": "x64" }, "sha512-NzErhMaTEN1cY0E8C5APy74lw5VwsNfJfVPBMWPVQLqAbO0k4FFLjvHURvkUL+Y18Wu+8Vs1kbqPh2hjXYA4pg=="],

    "@oxlint/binding-freebsd-x64": ["@oxlint/binding-freebsd-x64@1.51.0", "", { "os": "freebsd", "cpu": "x64" }, "sha512-msAIh3vPAoKoHlOE/oe6Q5C/n9umypv/k81lED82ibrJotn+3YG2Qp1kiR8o/Dg5iOEU97c6tl0utxcyFenpFw=="],

    "@oxlint/binding-linux-arm-gnueabihf": ["@oxlint/binding-linux-arm-gnueabihf@1.51.0", "", { "os": "linux", "cpu": "arm" }, "sha512-CqQPcvqYyMe9ZBot2stjGogEzk1z8gGAngIX7srSzrzexmXixwVxBdFZyxTVM0CjGfDeV+Ru0w25/WNjlMM2Hw=="],

    "@oxlint/binding-linux-arm-musleabihf": ["@oxlint/binding-linux-arm-musleabihf@1.51.0", "", { "os": "linux", "cpu": "arm" }, "sha512-dstrlYQgZMnyOssxSbolGCge/sDbko12N/35RBNuqLpoPbft2aeBidBAb0dvQlyBd9RJ6u8D4o4Eh8Un6iTgyQ=="],

    "@oxlint/binding-linux-arm64-gnu": ["@oxlint/binding-linux-arm64-gnu@1.51.0", "", { "os": "linux", "cpu": "arm64" }, "sha512-QEjUpXO7d35rP1/raLGGbAsBLLGZIzV3ZbeSjqWlD3oRnxpRIZ6iL4o51XQHkconn3uKssc+1VKdtHJ81BBhDA=="],

    "@oxlint/binding-linux-arm64-musl": ["@oxlint/binding-linux-arm64-musl@1.51.0", "", { "os": "linux", "cpu": "arm64" }, "sha512-YSJua5irtG4DoMAjUapDTPhkQLHhBIY0G9JqlZS6/SZPzqDkPku/1GdWs0D6h/wyx0Iz31lNCfIaWKBQhzP0wQ=="],

    "@oxlint/binding-linux-ppc64-gnu": ["@oxlint/binding-linux-ppc64-gnu@1.51.0", "", { "os": "linux", "cpu": "ppc64" }, "sha512-7L4Wj2IEUNDETKssB9IDYt16T6WlF+X2jgC/hBq3diGHda9vJLpAgb09+D3quFq7TdkFtI7hwz/jmuQmQFPc1Q=="],

    "@oxlint/binding-linux-riscv64-gnu": ["@oxlint/binding-linux-riscv64-gnu@1.51.0", "", { "os": "linux", "cpu": "none" }, "sha512-cBUHqtOXy76G41lOB401qpFoKx1xq17qYkhWrLSM7eEjiHM9sOtYqpr6ZdqCnN9s6ZpzudX4EkeHOFH2E9q0vA=="],

    "@oxlint/binding-linux-riscv64-musl": ["@oxlint/binding-linux-riscv64-musl@1.51.0", "", { "os": "linux", "cpu": "none" }, "sha512-WKbg8CysgZcHfZX0ixQFBRSBvFZUHa3SBnEjHY2FVYt2nbNJEjzTxA3ZR5wMU0NOCNKIAFUFvAh5/XJKPRJuJg=="],

    "@oxlint/binding-linux-s390x-gnu": ["@oxlint/binding-linux-s390x-gnu@1.51.0", "", { "os": "linux", "cpu": "s390x" }, "sha512-N1QRUvJTxqXNSu35YOufdjsAVmKVx5bkrggOWAhTWBc3J4qjcBwr1IfyLh/6YCg8sYRSR1GraldS9jUgJL/U4A=="],

    "@oxlint/binding-linux-x64-gnu": ["@oxlint/binding-linux-x64-gnu@1.51.0", "", { "os": "linux", "cpu": "x64" }, "sha512-e0Mz0DizsCoqNIjeOg6OUKe8JKJWZ5zZlwsd05Bmr51Jo3AOL4UJnPvwKumr4BBtBrDZkCmOLhCvDGm95nJM2g=="],

    "@oxlint/binding-linux-x64-musl": ["@oxlint/binding-linux-x64-musl@1.51.0", "", { "os": "linux", "cpu": "x64" }, "sha512-wD8HGTWhYBKXvRDvoBVB1y+fEYV01samhWQSy1Zkxq2vpezvMnjaFKRuiP6tBNITLGuffbNDEXOwcAhJ3gI5Ug=="],

    "@oxlint/binding-openharmony-arm64": ["@oxlint/binding-openharmony-arm64@1.51.0", "", { "os": "none", "cpu": "arm64" }, "sha512-5NSwQ2hDEJ0GPXqikjWtwzgAQCsS7P9aLMNenjjKa+gknN3lTCwwwERsT6lKXSirfU3jLjexA2XQvQALh5h27w=="],

    "@oxlint/binding-win32-arm64-msvc": ["@oxlint/binding-win32-arm64-msvc@1.51.0", "", { "os": "win32", "cpu": "arm64" }, "sha512-JEZyah1M0RHMw8d+jjSSJmSmO8sABA1J1RtrHYujGPeCkYg1NeH0TGuClpe2h5QtioRTaF57y/TZfn/2IFV6fA=="],

    "@oxlint/binding-win32-ia32-msvc": ["@oxlint/binding-win32-ia32-msvc@1.51.0", "", { "os": "win32", "cpu": "ia32" }, "sha512-q3cEoKH6kwjz/WRyHwSf0nlD2F5Qw536kCXvmlSu+kaShzgrA0ojmh45CA81qL+7udfCaZL2SdKCZlLiGBVFlg=="],

    "@oxlint/binding-win32-x64-msvc": ["@oxlint/binding-win32-x64-msvc@1.51.0", "", { "os": "win32", "cpu": "x64" }, "sha512-Q14+fOGb9T28nWF/0EUsYqERiRA7cl1oy4TJrGmLaqhm+aO2cV+JttboHI3CbdeMCAyDI1+NoSlrM7Melhp/cw=="],

    "@serialport/binding-mock": ["@serialport/binding-mock@10.2.2", "", { "dependencies": { "@serialport/bindings-interface": "^1.2.1", "debug": "^4.3.3" } }, "sha512-HAFzGhk9OuFMpuor7aT5G1ChPgn5qSsklTFOTUX72Rl6p0xwcSVsRtG/xaGp6bxpN7fI9D/S8THLBWbBgS6ldw=="],

    "@serialport/bindings-cpp": ["@serialport/bindings-cpp@12.0.1", "", { "dependencies": { "@serialport/bindings-interface": "1.2.2", "@serialport/parser-readline": "11.0.0", "debug": "4.3.4", "node-addon-api": "7.0.0", "node-gyp-build": "4.6.0" } }, "sha512-r2XOwY2dDvbW7dKqSPIk2gzsr6M6Qpe9+/Ngs94fNaNlcTRCV02PfaoDmRgcubpNVVcLATlxSxPTIDw12dbKOg=="],

    "@serialport/bindings-interface": ["@serialport/bindings-interface@1.2.2", "", {}, "sha512-CJaUd5bLvtM9c5dmO9rPBHPXTa9R2UwpkJ0wdh9JCYcbrPWsKz+ErvR0hBLeo7NPeiFdjFO4sonRljiw4d2XiA=="],

    "@serialport/parser-byte-length": ["@serialport/parser-byte-length@12.0.0", "", {}, "sha512-0ei0txFAj+s6FTiCJFBJ1T2hpKkX8Md0Pu6dqMrYoirjPskDLJRgZGLqoy3/lnU1bkvHpnJO+9oJ3PB9v8rNlg=="],

    "@serialport/parser-cctalk": ["@serialport/parser-cctalk@12.0.0", "", {}, "sha512-0PfLzO9t2X5ufKuBO34DQKLXrCCqS9xz2D0pfuaLNeTkyGUBv426zxoMf3rsMRodDOZNbFblu3Ae84MOQXjnZw=="],

    "@serialport/parser-delimiter": ["@serialport/parser-delimiter@12.0.0", "", {}, "sha512-gu26tVt5lQoybhorLTPsH2j2LnX3AOP2x/34+DUSTNaUTzu2fBXw+isVjQJpUBFWu6aeQRZw5bJol5X9Gxjblw=="],

    "@serialport/parser-inter-byte-timeout": ["@serialport/parser-inter-byte-timeout@12.0.0", "", {}, "sha512-GnCh8K0NAESfhCuXAt+FfBRz1Cf9CzIgXfp7SdMgXwrtuUnCC/yuRTUFWRvuzhYKoAo1TL0hhUo77SFHUH1T/w=="],

    "@serialport/parser-packet-length": ["@serialport/parser-packet-length@12.0.0", "", {}, "sha512-p1hiCRqvGHHLCN/8ZiPUY/G0zrxd7gtZs251n+cfNTn+87rwcdUeu9Dps3Aadx30/sOGGFL6brIRGK4l/t7MuQ=="],

    "@serialport/parser-readline": ["@serialport/parser-readline@12.0.0", "", { "dependencies": { "@serialport/parser-delimiter": "12.0.0" } }, "sha512-O7cywCWC8PiOMvo/gglEBfAkLjp/SENEML46BXDykfKP5mTPM46XMaX1L0waWU6DXJpBgjaL7+yX6VriVPbN4w=="],

    "@serialport/parser-ready": ["@serialport/parser-ready@12.0.0", "", {}, "sha512-ygDwj3O4SDpZlbrRUraoXIoIqb8sM7aMKryGjYTIF0JRnKeB1ys8+wIp0RFMdFbO62YriUDextHB5Um5cKFSWg=="],

    "@serialport/parser-regex": ["@serialport/parser-regex@12.0.0", "", {}, "sha512-dCAVh4P/pZrLcPv9NJ2mvPRBg64L5jXuiRxIlyxxdZGH4WubwXVXY/kBTihQmiAMPxbT3yshSX8f2+feqWsxqA=="],

    "@serialport/parser-slip-encoder": ["@serialport/parser-slip-encoder@12.0.0", "", {}, "sha512-0APxDGR9YvJXTRfY+uRGhzOhTpU5akSH183RUcwzN7QXh8/1jwFsFLCu0grmAUfi+fItCkR+Xr1TcNJLR13VNA=="],

    "@serialport/parser-spacepacket": ["@serialport/parser-spacepacket@12.0.0", "", {}, "sha512-dozONxhPC/78pntuxpz/NOtVps8qIc/UZzdc/LuPvVsqCoJXiRxOg6ZtCP/W58iibJDKPZPAWPGYeZt9DJxI+Q=="],

    "@serialport/stream": ["@serialport/stream@12.0.0", "", { "dependencies": { "@serialport/bindings-interface": "1.2.2", "debug": "4.3.4" } }, "sha512-9On64rhzuqKdOQyiYLYv2lQOh3TZU/D3+IWCR5gk0alPel2nwpp4YwDEGiUBfrQZEdQ6xww0PWkzqth4wqwX3Q=="],

    "@sinclair/typebox": ["@sinclair/typebox@0.34.41", "", {}, "sha512-6gS8pZzSXdyRHTIqoqSVknxolr1kzfy4/CeDnrzsVz8TTIWUbOBr6gnzOmTYJ3eXQNh4IYHIGi5aIL7sOZ2G/g=="],

    "@stoprocent/bluetooth-hci-socket": ["@stoprocent/bluetooth-hci-socket@2.2.5", "", { "dependencies": { "async": "^3.2.6", "debug": "^4.3.7", "node-addon-api": "^8.3.1", "node-gyp-build": "^4.8.4", "patch-package": "^8.0.0", "serialport": "^12.0.0" }, "optionalDependencies": { "usb": "^2.14.0" }, "os": [ "!aix", "!sunos", "!openbsd", ] }, "sha512-uP/Hflt7zRKt9W5WgMyRn4I5V3Z/PjTc28qCya6A3N99Sc1vqrQn4XRx1oYc5L/Qk7d4SRHNF0J2jWvOSVq6bw=="],

    "@stoprocent/noble": ["@stoprocent/noble@2.3.16", "", { "dependencies": { "debug": "^4.3.7", "node-addon-api": "^8.1.0", "node-gyp-build": "^4.8.1", "patch-package": "^8.0.0" }, "optionalDependencies": { "@stoprocent/bluetooth-hci-socket": "^2.2.5" } }, "sha512-7+xGRHzyGN1gnnDDx1epQr7AqIp/mNK/CpBWBWWCxubWt5cl8Zsa9QbVrXYlnW1R6kdqYPaNfwLefOgxHDSb7w=="],

    "@tokenizer/inflate": ["@tokenizer/inflate@0.2.7", "", { "dependencies": { "debug": "^4.4.0", "fflate": "^0.8.2", "token-types": "^6.0.0" } }, "sha512-MADQgmZT1eKjp06jpI2yozxaU9uVs4GzzgSL+uEq7bVcJ9V1ZXQkeGNql1fsSI0gMy1vhvNTNbUqrx+pZfJVmg=="],

    "@tokenizer/token": ["@tokenizer/token@0.3.0", "", {}, "sha512-OvjF+z51L3ov0OyAU0duzsYuvO01PH7x4t6DJx+guahgTnBHkhJdG7soQeTSFLWN3efnHyibZ4Z8l2EuWwJN3A=="],

    "@types/node": ["@types/node@22.19.13", "", { "dependencies": { "undici-types": "~6.21.0" } }, "sha512-akNQMv0wW5uyRpD2v2IEyRSZiR+BeGuoB6L310EgGObO44HSMNT8z1xzio28V8qOrgYaopIDNA18YgdXd+qTiw=="],

    "@types/retry": ["@types/retry@0.12.0", "", {}, "sha512-wWKOClTTiizcZhXnPY4wikVAwmdYHp8q6DmC+EJUzAMsycb7HB32Kh9RN4+0gExjmPmZSAQjgURXIGATPegAvA=="],

    "@types/w3c-web-usb": ["@types/w3c-web-usb@1.0.13", "", {}, "sha512-N2nSl3Xsx8mRHZBvMSdNGtzMyeleTvtlEw+ujujgXalPqOjIA6UtrqcB6OzyUjkTbDm3J7P1RNK1lgoO7jxtsw=="],

    "@yarnpkg/lockfile": ["@yarnpkg/lockfile@1.1.0", "", {}, "sha512-GpSwvyXOcOOlV70vbnzjj4fW5xW/FdUF6nQEt1ENy7m4ZCczi1+/buVUPAqmGfqznsORNFzUMjctTIp8a9tuCQ=="],

    "ansi-regex": ["ansi-regex@5.0.1", "", {}, "sha512-quJQXlTSUGL2LH9SUXo8VwsY4soanhgo6LNSm84E1LBcE8s3O0wpdiRzyR9z/ZZJMlMWv37qOOb9pdJlMUEKFQ=="],

    "ansi-styles": ["ansi-styles@4.3.0", "", { "dependencies": { "color-convert": "^2.0.1" } }, "sha512-zbB9rCJAT1rbjiVDb2hqKFHNYLxgtk8NURxZ3IZwD3F6NtxbXZQCnnSi1Lkx+IDohdPlFp222wVALIheZJQSEg=="],

    "async": ["async@3.2.6", "", {}, "sha512-htCUDlxyyCLMgaM3xXg0C0LW2xqfuQ6p05pCEIsXuyQ+a1koYKTuBMzRNwmybfLgvJDMd0r1LTn4+E0Ti6C2AA=="],

    "braces": ["braces@3.0.3", "", { "dependencies": { "fill-range": "^7.1.1" } }, "sha512-yQbXgO/OSZVD2IsiLlro+7Hf6Q18EJrKSEsdoMzKePKXct3gvD8oLcOQdIzGupr5Fj+EDe8gO/lxc1BzfMpxvA=="],

    "bun-types": ["bun-types@1.3.10", "", { "dependencies": { "@types/node": "*" } }, "sha512-tcpfCCl6XWo6nCVnpcVrxQ+9AYN1iqMIzgrSKYMB/fjLtV2eyAVEg7AxQJuCq/26R6HpKWykQXuSOq/21RYcbg=="],

    "call-bind": ["call-bind@1.0.8", "", { "dependencies": { "call-bind-apply-helpers": "^1.0.0", "es-define-property": "^1.0.0", "get-intrinsic": "^1.2.4", "set-function-length": "^1.2.2" } }, "sha512-oKlSFMcMwpUg2ednkhQ454wfWiU/ul3CkJe/PEHcTKuiX6RpbehUiFMXu13HalGZxfUwCQzZG747YXBn1im9ww=="],

    "call-bind-apply-helpers": ["call-bind-apply-helpers@1.0.2", "", { "dependencies": { "es-errors": "^1.3.0", "function-bind": "^1.1.2" } }, "sha512-Sp1ablJ0ivDkSzjcaJdxEunN5/XvksFJ2sMBFfq6x0ryhQV/2b/KwFe21cMpmHtPOSij8K99/wSfoEuTObmuMQ=="],

    "call-bound": ["call-bound@1.0.4", "", { "dependencies": { "call-bind-apply-helpers": "^1.0.2", "get-intrinsic": "^1.3.0" } }, "sha512-+ys997U96po4Kx/ABpBCqhA9EuxJaQWDQg7295H4hBphv3IZg0boBKuwYpt4YXp6MZ5AmZQnU/tyMTlRpaSejg=="],

    "chalk": ["chalk@4.1.2", "", { "dependencies": { "ansi-styles": "^4.1.0", "supports-color": "^7.1.0" } }, "sha512-oKnbhFyRIXpUuez8iBMmyEa4nbj4IOQyuhc/wy9kY7/WVPcwIO9VA668Pu8RkO7+0G76SLROeyw9CpQ061i4mA=="],

    "ci-info": ["ci-info@3.9.0", "", {}, "sha512-NIxF55hv4nSqQswkAeiOi1r83xy8JldOFDTWiug55KBu9Jnblncd2U6ViHmYgHf01TPZS77NJBhBMKdWj9HQMQ=="],

    "cliui": ["cliui@8.0.1", "", { "dependencies": { "string-width": "^4.2.0", "strip-ansi": "^6.0.1", "wrap-ansi": "^7.0.0" } }, "sha512-BSeNnyus75C4//NQ9gQt1/csTXyo/8Sb+afLAkzAptFuMsod9HFokGNudZpi/oQV73hnVK+sR+5PVRMd+Dr7YQ=="],

    "color-convert": ["color-convert@2.0.1", "", { "dependencies": { "color-name": "~1.1.4" } }, "sha512-RRECPsj7iu/xb5oKYcsFHSppFNnsj/52OVTRKb4zP5onXwVF3zVmmToNcOfGC+CRDpfK/U584fMg38ZHCaElKQ=="],

    "color-name": ["color-name@1.1.4", "", {}, "sha512-dOy+3AuW3a2wNbZHIuMZpTcgjGuLU/uBL/ubcZF9OXbDo8ff4O8yVp5Bf0efS8uEoYo5q4Fx7dY9OgQGXgAsQA=="],

    "concurrently": ["concurrently@9.2.1", "", { "dependencies": { "chalk": "4.1.2", "rxjs": "7.8.2", "shell-quote": "1.8.3", "supports-color": "8.1.1", "tree-kill": "1.2.2", "yargs": "17.7.2" }, "bin": { "conc": "dist/bin/concurrently.js", "concurrently": "dist/bin/concurrently.js" } }, "sha512-fsfrO0MxV64Znoy8/l1vVIjjHa29SZyyqPgQBwhiDcaW8wJc2W3XWVOGx4M3oJBnv/zdUZIIp1gDeS98GzP8Ng=="],

    "cookie": ["cookie@1.1.1", "", {}, "sha512-ei8Aos7ja0weRpFzJnEA9UHJ/7XQmqglbRwnf2ATjcB9Wq874VKH9kfjjirM6UhU2/E5fFYadylyhFldcqSidQ=="],

    "cross-spawn": ["cross-spawn@7.0.6", "", { "dependencies": { "path-key": "^3.1.0", "shebang-command": "^2.0.0", "which": "^2.0.1" } }, "sha512-uV2QOWP2nWzsy2aMp8aRibhi9dlzF5Hgh5SHaB9OiTGEyDTiJJyx0uy51QXdyWbtAHNua4XJzUKca3OzKUd3vA=="],

    "debug": ["debug@4.4.3", "", { "dependencies": { "ms": "^2.1.3" } }, "sha512-RGwwWnwQvkVfavKVt22FGLw+xYSdzARwm0ru6DhTVA3umU5hZc28V3kO4stgYryrTlLpuvgI9GiijltAjNbcqA=="],

    "define-data-property": ["define-data-property@1.1.4", "", { "dependencies": { "es-define-property": "^1.0.0", "es-errors": "^1.3.0", "gopd": "^1.0.1" } }, "sha512-rBMvIzlpA8v6E+SJZoo++HAYqsLrkg7MSfIinMPFhmkorw7X+dOXVJQs+QT69zGkzMyfDnIMN2Wid1+NbL3T+A=="],

    "dotenv": ["dotenv@17.3.1", "", {}, "sha512-IO8C/dzEb6O3F9/twg6ZLXz164a2fhTnEWb95H23Dm4OuN+92NmEAlTrupP9VW6Jm3sO26tQlqyvyi4CsnY9GA=="],

    "dunder-proto": ["dunder-proto@1.0.1", "", { "dependencies": { "call-bind-apply-helpers": "^1.0.1", "es-errors": "^1.3.0", "gopd": "^1.2.0" } }, "sha512-KIN/nDJBQRcXw0MLVhZE9iQHmG68qAVIBg9CqmUYjmQIhgij9U5MFvrqkUL5FbtyyzZuOeOt0zdeRe4UY7ct+A=="],

    "elysia": ["elysia@1.4.27", "", { "dependencies": { "cookie": "^1.1.1", "exact-mirror": "^0.2.7", "fast-decode-uri-component": "^1.0.1", "memoirist": "^0.4.0" }, "peerDependencies": { "@sinclair/typebox": ">= 0.34.0 < 1", "@types/bun": ">= 1.2.0", "file-type": ">= 20.0.0", "openapi-types": ">= 12.0.0", "typescript": ">= 5.0.0" }, "optionalPeers": ["@types/bun", "typescript"] }, "sha512-2UlmNEjPJVA/WZVPYKy+KdsrfFwwNlqSBW1lHz6i2AHc75k7gV4Rhm01kFeotH7PDiHIX2G8X3KnRPc33SGVIg=="],

    "emoji-regex": ["emoji-regex@8.0.0", "", {}, "sha512-MSjYzcWNOA0ewAHpz0MxpYFvwg6yjy1NG3xteoqz644VCo/RPgnr1/GGt+ic3iJTzQ8Eu3TdM14SawnVUmGE6A=="],

    "es-define-property": ["es-define-property@1.0.1", "", {}, "sha512-e3nRfgfUZ4rNGL232gUgX06QNyyez04KdjFrF+LTRoOXmrOgFKDg4BCdsjW8EnT69eqdYGmRpJwiPVYNrCaW3g=="],

    "es-errors": ["es-errors@1.3.0", "", {}, "sha512-Zf5H2Kxt2xjTvbJvP2ZWLEICxA6j+hAmMzIlypy4xcBg1vKVnx89Wy0GbS+kf5cwCVFFzdCFh2XSCFNULS6csw=="],

    "es-object-atoms": ["es-object-atoms@1.1.1", "", { "dependencies": { "es-errors": "^1.3.0" } }, "sha512-FGgH2h8zKNim9ljj7dankFPcICIK9Cp5bm+c2gQSYePhpaG5+esrLODihIorn+Pe6FGJzWhXQotPv73jTaldXA=="],

    "escalade": ["escalade@3.2.0", "", {}, "sha512-WUj2qlxaQtO4g6Pq5c29GTcWGDyd8itL8zTlipgECz3JesAiiOKotd8JU6otB3PACgG6xkJUyVhboMS+bje/jA=="],

    "eventemitter3": ["eventemitter3@4.0.7", "", {}, "sha512-8guHBZCwKnFhYdHr2ysuRWErTwhoN2X8XELRlrRwpmfeY2jjuUN4taQMsULKUVo1K4DvZl+0pgfyoysHxvmvEw=="],

    "exact-mirror": ["exact-mirror@0.2.7", "", { "peerDependencies": { "@sinclair/typebox": "^0.34.15" }, "optionalPeers": ["@sinclair/typebox"] }, "sha512-+MeEmDcLA4o/vjK2zujgk+1VTxPR4hdp23qLqkWfStbECtAq9gmsvQa3LW6z/0GXZyHJobrCnmy1cdeE7BjsYg=="],

    "fast-decode-uri-component": ["fast-decode-uri-component@1.0.1", "", {}, "sha512-WKgKWg5eUxvRZGwW8FvfbaH7AXSh2cL+3j5fMGzUMCxWBJ3dV3a7Wz8y2f/uQ0e3B6WmodD3oS54jTQ9HVTIIg=="],

    "fflate": ["fflate@0.8.2", "", {}, "sha512-cPJU47OaAoCbg0pBvzsgpTPhmhqI5eJjh/JIu8tPj5q+T7iLvW/JAYUqmE7KOB4R1ZyEhzBaIQpQpardBF5z8A=="],

    "file-type": ["file-type@21.0.0", "", { "dependencies": { "@tokenizer/inflate": "^0.2.7", "strtok3": "^10.2.2", "token-types": "^6.0.0", "uint8array-extras": "^1.4.0" } }, "sha512-ek5xNX2YBYlXhiUXui3D/BXa3LdqPmoLJ7rqEx2bKJ7EAUEfmXgW0Das7Dc6Nr9MvqaOnIqiPV0mZk/r/UpNAg=="],

    "fill-range": ["fill-range@7.1.1", "", { "dependencies": { "to-regex-range": "^5.0.1" } }, "sha512-YsGpe3WHLK8ZYi4tWDg2Jy3ebRz2rXowDxnld4bkQB00cc/1Zw9AWnC0i9ztDJitivtQvaI9KaLyKrc+hBW0yg=="],

    "find-yarn-workspace-root": ["find-yarn-workspace-root@2.0.0", "", { "dependencies": { "micromatch": "^4.0.2" } }, "sha512-1IMnbjt4KzsQfnhnzNd8wUEgXZ44IzZaZmnLYx7D5FZlaHt2gW20Cri8Q+E/t5tIj4+epTBub+2Zxu/vNILzqQ=="],

    "fs-extra": ["fs-extra@10.1.0", "", { "dependencies": { "graceful-fs": "^4.2.0", "jsonfile": "^6.0.1", "universalify": "^2.0.0" } }, "sha512-oRXApq54ETRj4eMiFzGnHWGy+zo5raudjuxN0b8H7s/RU2oW0Wvsx9O0ACRN/kRq9E8Vu/ReskGB5o3ji+FzHQ=="],

    "function-bind": ["function-bind@1.1.2", "", {}, "sha512-7XHNxH7qX9xG5mIwxkhumTox/MIRNcOgDrxWsMt2pAr23WHp6MrRlN7FBSFpCpr+oVO0F744iUgR82nJMfG2SA=="],

    "get-caller-file": ["get-caller-file@2.0.5", "", {}, "sha512-DyFP3BM/3YHTQOCUL/w0OZHR0lpKeGrxotcHWcqNEdnltqFwXVfhEBQ94eIo34AfQpo0rGki4cyIiftY06h2Fg=="],

    "get-intrinsic": ["get-intrinsic@1.3.0", "", { "dependencies": { "call-bind-apply-helpers": "^1.0.2", "es-define-property": "^1.0.1", "es-errors": "^1.3.0", "es-object-atoms": "^1.1.1", "function-bind": "^1.1.2", "get-proto": "^1.0.1", "gopd": "^1.2.0", "has-symbols": "^1.1.0", "hasown": "^2.0.2", "math-intrinsics": "^1.1.0" } }, "sha512-9fSjSaos/fRIVIp+xSJlE6lfwhES7LNtKaCBIamHsjr2na1BiABJPo0mOjjz8GJDURarmCPGqaiVg5mfjb98CQ=="],

    "get-proto": ["get-proto@1.0.1", "", { "dependencies": { "dunder-proto": "^1.0.1", "es-object-atoms": "^1.0.0" } }, "sha512-sTSfBjoXBp89JvIKIefqw7U2CCebsc74kiY6awiGogKtoSGbgjYE/G/+l9sF3MWFPNc9IcoOC4ODfKHfxFmp0g=="],

    "gopd": ["gopd@1.2.0", "", {}, "sha512-ZUKRh6/kUFoAiTAtTYPZJ3hw9wNxx+BIBOijnlG9PnrJsCcSjs1wyyD6vJpaYtgnzDrKYRSqf3OO6Rfa93xsRg=="],

    "graceful-fs": ["graceful-fs@4.2.11", "", {}, "sha512-RbJ5/jmFcNNCcDV5o9eTnBLJ/HszWV0P73bc+Ff4nS/rJj+YaS6IGyiOL0VoBYX+l1Wrl3k63h/KrH+nhJ0XvQ=="],

    "has-flag": ["has-flag@4.0.0", "", {}, "sha512-EykJT/Q1KjTWctppgIAgfSO0tKVuZUjhgMr17kqTumMl6Afv3EISleU7qZUzoXDFTAHTDC4NOoG/ZxU3EvlMPQ=="],

    "has-property-descriptors": ["has-property-descriptors@1.0.2", "", { "dependencies": { "es-define-property": "^1.0.0" } }, "sha512-55JNKuIW+vq4Ke1BjOTjM2YctQIvCT7GFzHwmfZPGo5wnrgkid0YQtnAleFSqumZm4az3n2BS+erby5ipJdgrg=="],

    "has-symbols": ["has-symbols@1.1.0", "", {}, "sha512-1cDNdwJ2Jaohmb3sg4OmKaMBwuC48sYni5HUw2DvsC8LjGTLK9h+eb1X6RyuOHe4hT0ULCW68iomhjUoKUqlPQ=="],

    "hasown": ["hasown@2.0.2", "", { "dependencies": { "function-bind": "^1.1.2" } }, "sha512-0hJU9SCPvmMzIBdZFqNPXWa6dqh7WdH0cII9y+CyS8rG3nL48Bclra9HmKhVVUHyPWNH5Y7xDwAB7bfgSjkUMQ=="],

    "ieee754": ["ieee754@1.2.1", "", {}, "sha512-dcyqhDvX1C46lXZcVqCpK+FtMRQVdIMN6/Df5js2zouUsqG7I6sFxitIC+7KYK29KdXOLHdu9zL4sFnoVQnqaA=="],

    "is-docker": ["is-docker@2.2.1", "", { "bin": { "is-docker": "cli.js" } }, "sha512-F+i2BKsFrH66iaUFc0woD8sLy8getkwTwtOBjvs56Cx4CgJDeKQeqfz8wAYiSb8JOprWhHH5p77PbmYCvvUuXQ=="],

    "is-fullwidth-code-point": ["is-fullwidth-code-point@3.0.0", "", {}, "sha512-zymm5+u+sCsSWyD9qNaejV3DFvhCKclKdizYaJUuHA83RLjb7nSuGnddCHGv0hk+KY7BMAlsWeK4Ueg6EV6XQg=="],

    "is-number": ["is-number@7.0.0", "", {}, "sha512-41Cifkg6e8TylSpdtTpeLVMqvSBEVzTttHvERD741+pnZ8ANv0004MRL43QKPDlK9cGvNp6NZWZUBlbGXYxxng=="],

    "is-wsl": ["is-wsl@2.2.0", "", { "dependencies": { "is-docker": "^2.0.0" } }, "sha512-fKzAra0rGJUUBwGBgNkHZuToZcn+TtXHpeCgmkMJMMYx1sQDYaCSyjJBSCa2nH1DGm7s3n1oBnohoVTBaN7Lww=="],

    "isarray": ["isarray@2.0.5", "", {}, "sha512-xHjhDr3cNBK0BzdUJSPXZntQUx/mwMS5Rw4A7lPJ90XGAO6ISP/ePDNuo0vhqOZU+UD5JoodwCAAoZQd3FeAKw=="],

    "isexe": ["isexe@2.0.0", "", {}, "sha512-RHxMLp9lnKHGHRng9QFhRCMbYAcVpn69smSGcq3f36xjgVVWThj4qqLbTLlq7Ssj8B+fIQ1EuCEGI2lKsyQeIw=="],

    "jose": ["jose@6.1.3", "", {}, "sha512-0TpaTfihd4QMNwrz/ob2Bp7X04yuxJkjRGi4aKmOqwhov54i6u79oCv7T+C7lo70MKH6BesI3vscD1yb/yzKXQ=="],

    "json-stable-stringify": ["json-stable-stringify@1.3.0", "", { "dependencies": { "call-bind": "^1.0.8", "call-bound": "^1.0.4", "isarray": "^2.0.5", "jsonify": "^0.0.1", "object-keys": "^1.1.1" } }, "sha512-qtYiSSFlwot9XHtF9bD9c7rwKjr+RecWT//ZnPvSmEjpV5mmPOCN4j8UjY5hbjNkOwZ/jQv3J6R1/pL7RwgMsg=="],

    "jsonfile": ["jsonfile@6.2.0", "", { "dependencies": { "universalify": "^2.0.0" }, "optionalDependencies": { "graceful-fs": "^4.1.6" } }, "sha512-FGuPw30AdOIUTRMC2OMRtQV+jkVj2cfPqSeWXv1NEAJ1qZ5zb1X6z1mFhbfOB/iy3ssJCD+3KuZ8r8C3uVFlAg=="],

    "jsonify": ["jsonify@0.0.1", "", {}, "sha512-2/Ki0GcmuqSrgFyelQq9M05y7PS0mEwuIzrf3f1fPqkVDVRvZrPZtVSMHxdgo8Aq0sxAOb/cr2aqqA3LeWHVPg=="],

    "klaw-sync": ["klaw-sync@6.0.0", "", { "dependencies": { "graceful-fs": "^4.1.11" } }, "sha512-nIeuVSzdCCs6TDPTqI8w1Yre34sSq7AkZ4B3sfOBbI2CgVSB4Du4aLQijFU2+lhAFCwt9+42Hel6lQNIv6AntQ=="],

    "math-intrinsics": ["math-intrinsics@1.1.0", "", {}, "sha512-/IXtbwEk5HTPyEwyKX6hGkYXxM9nbj64B+ilVJnC/R6B0pH5G4V3b0pVbL7DBj4tkhBAppbQUlf6F6Xl9LHu1g=="],

    "memoirist": ["memoirist@0.4.0", "", {}, "sha512-zxTgA0mSYELa66DimuNQDvyLq36AwDlTuVRbnQtB+VuTcKWm5Qc4z3WkSpgsFWHNhexqkIooqpv4hdcqrX5Nmg=="],

    "micromatch": ["micromatch@4.0.8", "", { "dependencies": { "braces": "^3.0.3", "picomatch": "^2.3.1" } }, "sha512-PXwfBhYu0hBCPw8Dn0E+WDYb7af3dSLVWKi3HGv84IdF4TyFoC0ysxFd0Goxw7nSv4T/PzEJQxsYsEiFCKo2BA=="],

    "minimist": ["minimist@1.2.8", "", {}, "sha512-2yyAR8qBkN3YuheJanUpWC5U3bb5osDywNB8RzDVlDwDHbocAJveqqj1u8+SVD7jkWT4yvsHCpWqqWqAxb0zCA=="],

    "ms": ["ms@2.1.3", "", {}, "sha512-6FlzubTLZG3J2a/NVCAleEhjzq5oxgHyaCU9yYXvcLsvoVaHJq/s5xXI6/XXP6tz7R9xAOtHnSO/tXtF3WRTlA=="],

    "node-addon-api": ["node-addon-api@8.5.0", "", {}, "sha512-/bRZty2mXUIFY/xU5HLvveNHlswNJej+RnxBjOMkidWfwZzgTbPG1E3K5TOxRLOR+5hX7bSofy8yf1hZevMS8A=="],

    "node-gyp-build": ["node-gyp-build@4.8.4", "", { "bin": { "node-gyp-build": "bin.js", "node-gyp-build-optional": "optional.js", "node-gyp-build-test": "build-test.js" } }, "sha512-LA4ZjwlnUblHVgq0oBF3Jl/6h/Nvs5fzBLwdEF4nuxnFdsfajde4WfxtJr3CaiH+F6ewcIB/q4jQ4UzPyid+CQ=="],

    "object-keys": ["object-keys@1.1.1", "", {}, "sha512-NuAESUOUMrlIXOfHKzD6bpPu3tYt3xvjNdRIQ+FeT0lNb4K8WR70CaDxhuNguS2XG+GjkyMwOzsN5ZktImfhLA=="],

    "open": ["open@7.4.2", "", { "dependencies": { "is-docker": "^2.0.0", "is-wsl": "^2.1.1" } }, "sha512-MVHddDVweXZF3awtlAS+6pgKLlm/JgxZ90+/NBurBoQctVOOB/zDdVjcyPzQ+0laDGbsWgrRkflI65sQeOgT9Q=="],

    "openapi-types": ["openapi-types@12.1.3", "", {}, "sha512-N4YtSYJqghVu4iek2ZUvcN/0aqH1kRDuNqzcycDxhOUpg7GdvLa2F3DgS6yBNhInhv2r/6I0Flkn7CqL8+nIcw=="],

    "oxfmt": ["oxfmt@0.36.0", "", { "dependencies": { "tinypool": "2.1.0" }, "optionalDependencies": { "@oxfmt/binding-android-arm-eabi": "0.36.0", "@oxfmt/binding-android-arm64": "0.36.0", "@oxfmt/binding-darwin-arm64": "0.36.0", "@oxfmt/binding-darwin-x64": "0.36.0", "@oxfmt/binding-freebsd-x64": "0.36.0", "@oxfmt/binding-linux-arm-gnueabihf": "0.36.0", "@oxfmt/binding-linux-arm-musleabihf": "0.36.0", "@oxfmt/binding-linux-arm64-gnu": "0.36.0", "@oxfmt/binding-linux-arm64-musl": "0.36.0", "@oxfmt/binding-linux-ppc64-gnu": "0.36.0", "@oxfmt/binding-linux-riscv64-gnu": "0.36.0", "@oxfmt/binding-linux-riscv64-musl": "0.36.0", "@oxfmt/binding-linux-s390x-gnu": "0.36.0", "@oxfmt/binding-linux-x64-gnu": "0.36.0", "@oxfmt/binding-linux-x64-musl": "0.36.0", "@oxfmt/binding-openharmony-arm64": "0.36.0", "@oxfmt/binding-win32-arm64-msvc": "0.36.0", "@oxfmt/binding-win32-ia32-msvc": "0.36.0", "@oxfmt/binding-win32-x64-msvc": "0.36.0" }, "bin": { "oxfmt": "bin/oxfmt" } }, "sha512-/ejJ+KoSW6J9bcNT9a9UtJSJNWhJ3yOLSBLbkoFHJs/8CZjmaZVZAJe4YgO1KMJlKpNQasrn/G9JQUEZI3p0EQ=="],

    "oxlint": ["oxlint@1.51.0", "", { "optionalDependencies": { "@oxlint/binding-android-arm-eabi": "1.51.0", "@oxlint/binding-android-arm64": "1.51.0", "@oxlint/binding-darwin-arm64": "1.51.0", "@oxlint/binding-darwin-x64": "1.51.0", "@oxlint/binding-freebsd-x64": "1.51.0", "@oxlint/binding-linux-arm-gnueabihf": "1.51.0", "@oxlint/binding-linux-arm-musleabihf": "1.51.0", "@oxlint/binding-linux-arm64-gnu": "1.51.0", "@oxlint/binding-linux-arm64-musl": "1.51.0", "@oxlint/binding-linux-ppc64-gnu": "1.51.0", "@oxlint/binding-linux-riscv64-gnu": "1.51.0", "@oxlint/binding-linux-riscv64-musl": "1.51.0", "@oxlint/binding-linux-s390x-gnu": "1.51.0", "@oxlint/binding-linux-x64-gnu": "1.51.0", "@oxlint/binding-linux-x64-musl": "1.51.0", "@oxlint/binding-openharmony-arm64": "1.51.0", "@oxlint/binding-win32-arm64-msvc": "1.51.0", "@oxlint/binding-win32-ia32-msvc": "1.51.0", "@oxlint/binding-win32-x64-msvc": "1.51.0" }, "peerDependencies": { "oxlint-tsgolint": ">=0.15.0" }, "optionalPeers": ["oxlint-tsgolint"], "bin": { "oxlint": "bin/oxlint" } }, "sha512-g6DNPaV9/WI9MoX2XllafxQuxwY1TV++j7hP8fTJByVBuCoVtm3dy9f/2vtH/HU40JztcgWF4G7ua+gkainklQ=="],

    "p-finally": ["p-finally@1.0.0", "", {}, "sha512-LICb2p9CB7FS+0eR1oqWnHhp0FljGLZCWBE9aix0Uye9W8LTQPwMTYVGWQWIw9RdQiDg4+epXQODwIYJtSJaow=="],

    "p-queue": ["p-queue@6.6.2", "", { "dependencies": { "eventemitter3": "^4.0.4", "p-timeout": "^3.2.0" } }, "sha512-RwFpb72c/BhQLEXIZ5K2e+AhgNVmIejGlTgiB9MzZ0e93GRvqZ7uSi0dvRF7/XIXDeNkra2fNHBxTyPDGySpjQ=="],

    "p-retry": ["p-retry@4.6.2", "", { "dependencies": { "@types/retry": "0.12.0", "retry": "^0.13.1" } }, "sha512-312Id396EbJdvRONlngUx0NydfrIQ5lsYu0znKVUzVvArzEIt08V1qhtyESbGVd1FGX7UKtiFp5uwKZdM8wIuQ=="],

    "p-timeout": ["p-timeout@3.2.0", "", { "dependencies": { "p-finally": "^1.0.0" } }, "sha512-rhIwUycgwwKcP9yTOOFK/AKsAopjjCakVqLHePO3CC6Mir1Z99xT+R63jZxAT5lFZLa2inS5h+ZS2GvR99/FBg=="],

    "patch-package": ["patch-package@8.0.1", "", { "dependencies": { "@yarnpkg/lockfile": "^1.1.0", "chalk": "^4.1.2", "ci-info": "^3.7.0", "cross-spawn": "^7.0.3", "find-yarn-workspace-root": "^2.0.0", "fs-extra": "^10.0.0", "json-stable-stringify": "^1.0.2", "klaw-sync": "^6.0.0", "minimist": "^1.2.6", "open": "^7.4.2", "semver": "^7.5.3", "slash": "^2.0.0", "tmp": "^0.2.4", "yaml": "^2.2.2" }, "bin": { "patch-package": "index.js" } }, "sha512-VsKRIA8f5uqHQ7NGhwIna6Bx6D9s/1iXlA1hthBVBEbkq+t4kXD0HHt+rJhf/Z+Ci0F/HCB2hvn0qLdLG+Qxlw=="],

    "path-key": ["path-key@3.1.1", "", {}, "sha512-ojmeN0qd+y0jszEtoY48r0Peq5dwMEkIlCOu6Q5f41lfkswXuKtYrhgoTpLnyIcHm24Uhqx+5Tqm2InSwLhE6Q=="],

    "picomatch": ["picomatch@2.3.1", "", {}, "sha512-JU3teHTNjmE2VCGFzuY8EXzCDVwEqB2a8fsIvwaStHhAWJEeVd1o1QD80CU6+ZdEXXSLbSsuLwJjkCBWqRQUVA=="],

    "require-directory": ["require-directory@2.1.1", "", {}, "sha512-fGxEI7+wsG9xrvdjsrlmL22OMTTiHRwAMroiEeMgq8gzoLC/PQr7RsRDSTLUg/bZAZtF+TVIkHc6/4RIKrui+Q=="],

    "retry": ["retry@0.13.1", "", {}, "sha512-XQBQ3I8W1Cge0Seh+6gjj03LbmRFWuoszgK9ooCpwYIrhhoO80pfq4cUkU5DkknwfOfFteRwlZ56PYOGYyFWdg=="],

    "rxjs": ["rxjs@7.8.2", "", { "dependencies": { "tslib": "^2.1.0" } }, "sha512-dhKf903U/PQZY6boNNtAGdWbG85WAbjT/1xYoZIC7FAY0yWapOBQVsVrDl58W86//e1VpMNBtRV4MaXfdMySFA=="],

    "semver": ["semver@7.7.3", "", { "bin": { "semver": "bin/semver.js" } }, "sha512-SdsKMrI9TdgjdweUSR9MweHA4EJ8YxHn8DFaDisvhVlUOe4BF1tLD7GAj0lIqWVl+dPb/rExr0Btby5loQm20Q=="],

    "serialport": ["serialport@12.0.0", "", { "dependencies": { "@serialport/binding-mock": "10.2.2", "@serialport/bindings-cpp": "12.0.1", "@serialport/parser-byte-length": "12.0.0", "@serialport/parser-cctalk": "12.0.0", "@serialport/parser-delimiter": "12.0.0", "@serialport/parser-inter-byte-timeout": "12.0.0", "@serialport/parser-packet-length": "12.0.0", "@serialport/parser-readline": "12.0.0", "@serialport/parser-ready": "12.0.0", "@serialport/parser-regex": "12.0.0", "@serialport/parser-slip-encoder": "12.0.0", "@serialport/parser-spacepacket": "12.0.0", "@serialport/stream": "12.0.0", "debug": "4.3.4" } }, "sha512-AmH3D9hHPFmnF/oq/rvigfiAouAKyK/TjnrkwZRYSFZxNggJxwvbAbfYrLeuvq7ktUdhuHdVdSjj852Z55R+uA=="],

    "set-function-length": ["set-function-length@1.2.2", "", { "dependencies": { "define-data-property": "^1.1.4", "es-errors": "^1.3.0", "function-bind": "^1.1.2", "get-intrinsic": "^1.2.4", "gopd": "^1.0.1", "has-property-descriptors": "^1.0.2" } }, "sha512-pgRc4hJ4/sNjWCSS9AmnS40x3bNMDTknHgL5UaMBTMyJnU90EgWh1Rz+MC9eFu4BuN/UwZjKQuY/1v3rM7HMfg=="],

    "shebang-command": ["shebang-command@2.0.0", "", { "dependencies": { "shebang-regex": "^3.0.0" } }, "sha512-kHxr2zZpYtdmrN1qDjrrX/Z1rR1kG8Dx+gkpK1G4eXmvXswmcE1hTWBWYUzlraYw1/yZp6YuDY77YtvbN0dmDA=="],

    "shebang-regex": ["shebang-regex@3.0.0", "", {}, "sha512-7++dFhtcx3353uBaq8DDR4NuxBetBzC7ZQOhmTQInHEd6bSrXdiEyzCvG07Z44UYdLShWUyXt5M/yhz8ekcb1A=="],

    "shell-quote": ["shell-quote@1.8.3", "", {}, "sha512-ObmnIF4hXNg1BqhnHmgbDETF8dLPCggZWBjkQfhZpbszZnYur5DUljTcCHii5LC3J5E0yeO/1LIMyH+UvHQgyw=="],

    "slash": ["slash@2.0.0", "", {}, "sha512-ZYKh3Wh2z1PpEXWr0MpSBZ0V6mZHAQfYevttO11c51CaWjGTaadiKZ+wVt1PbMlDV5qhMFslpZCemhwOK7C89A=="],

    "string-width": ["string-width@4.2.3", "", { "dependencies": { "emoji-regex": "^8.0.0", "is-fullwidth-code-point": "^3.0.0", "strip-ansi": "^6.0.1" } }, "sha512-wKyQRQpjJ0sIp62ErSZdGsjMJWsap5oRNihHhu6G7JVO/9jIB6UyevL+tXuOqrng8j/cxKTWyWUwvSTriiZz/g=="],

    "strip-ansi": ["strip-ansi@6.0.1", "", { "dependencies": { "ansi-regex": "^5.0.1" } }, "sha512-Y38VPSHcqkFrCpFnQ9vuSXmquuv5oXOKpGeT6aGrr3o3Gc9AlVa6JBfUSOCnbxGGZF+/0ooI7KrPuUSztUdU5A=="],

    "strtok3": ["strtok3@10.3.4", "", { "dependencies": { "@tokenizer/token": "^0.3.0" } }, "sha512-KIy5nylvC5le1OdaaoCJ07L+8iQzJHGH6pWDuzS+d07Cu7n1MZ2x26P8ZKIWfbK02+XIL8Mp4RkWeqdUCrDMfg=="],

    "supports-color": ["supports-color@8.1.1", "", { "dependencies": { "has-flag": "^4.0.0" } }, "sha512-MpUEN2OodtUzxvKQl72cUF7RQ5EiHsGvSsVG0ia9c5RbWGL2CI4C7EpPS8UTBIplnlzZiNuV56w+FuNxy3ty2Q=="],

    "tinypool": ["tinypool@2.1.0", "", {}, "sha512-Pugqs6M0m7Lv1I7FtxN4aoyToKg1C4tu+/381vH35y8oENM/Ai7f7C4StcoK4/+BSw9ebcS8jRiVrORFKCALLw=="],

    "tmp": ["tmp@0.2.5", "", {}, "sha512-voyz6MApa1rQGUxT3E+BK7/ROe8itEx7vD8/HEvt4xwXucvQ5G5oeEiHkmHZJuBO21RpOf+YYm9MOivj709jow=="],

    "to-regex-range": ["to-regex-range@5.0.1", "", { "dependencies": { "is-number": "^7.0.0" } }, "sha512-65P7iz6X5yEr1cwcgvQxbbIw7Uk3gOy5dIdtZ4rDveLqhrdJP+Li/Hx6tyK0NEb+2GCyneCMJiGqrADCSNk8sQ=="],

    "token-types": ["token-types@6.1.1", "", { "dependencies": { "@borewit/text-codec": "^0.1.0", "@tokenizer/token": "^0.3.0", "ieee754": "^1.2.1" } }, "sha512-kh9LVIWH5CnL63Ipf0jhlBIy0UsrMj/NJDfpsy1SqOXlLKEVyXXYrnFxFT1yOOYVGBSApeVnjPw/sBz5BfEjAQ=="],

    "tree-kill": ["tree-kill@1.2.2", "", { "bin": { "tree-kill": "cli.js" } }, "sha512-L0Orpi8qGpRG//Nd+H90vFB+3iHnue1zSSGmNOOCh1GLJ7rUKVwV2HvijphGQS2UmhUZewS9VgvxYIdgr+fG1A=="],

    "tslib": ["tslib@2.8.1", "", {}, "sha512-oJFu94HQb+KVduSUQL7wnpmqnfmLsOA/nAh6b6EH0wCEoK0/mPeXU6c3wKDV83MkOuHPRHtSXKKU99IBazS/2w=="],

    "tuyapi": ["tuyapi@7.7.1", "", { "dependencies": { "debug": "^4.4.0", "p-queue": "6.6.2", "p-retry": "4.6.2", "p-timeout": "3.2.0" } }, "sha512-aJHaW0WOhW5y1XLvOOy2G6/SGMUbCTkKgfF8ub8YyhrGkTR6abSB4YNJBXaILr+4UFCBv3cF2cfVjXMeUQ0vYg=="],

    "typescript": ["typescript@5.9.3", "", { "bin": { "tsc": "bin/tsc", "tsserver": "bin/tsserver" } }, "sha512-jl1vZzPDinLr9eUt3J/t7V6FgNEw9QjvBPdysz9KfQDD41fQrC2Y4vKQdiaUpFT4bXlb1RHhLpp8wtm6M5TgSw=="],

    "uint8array-extras": ["uint8array-extras@1.5.0", "", {}, "sha512-rvKSBiC5zqCCiDZ9kAOszZcDvdAHwwIKJG33Ykj43OKcWsnmcBRL09YTU4nOeHZ8Y2a7l1MgTd08SBe9A8Qj6A=="],

    "undici-types": ["undici-types@6.21.0", "", {}, "sha512-iwDZqg0QAGrg9Rav5H4n0M64c3mkR59cJ6wQp+7C4nI0gsmExaedaYLNO44eT4AtBBwjbTiGPMlt2Md0T9H9JQ=="],

    "universalify": ["universalify@2.0.1", "", {}, "sha512-gptHNQghINnc/vTGIk0SOFGFNXw7JVrlRUtConJRlvaw6DuX0wO5Jeko9sWrMBhh+PsYAZ7oXAiOnf/UKogyiw=="],

    "usb": ["usb@2.16.0", "", { "dependencies": { "@types/w3c-web-usb": "^1.0.6", "node-addon-api": "^8.0.0", "node-gyp-build": "^4.5.0" } }, "sha512-jD88fvzDViMDH5KmmNJgzMBDj/95bDTt6+kBNaNxP4G98xUTnDMiLUY2CYmToba6JAFhM9VkcaQuxCNRLGR7zg=="],

    "which": ["which@2.0.2", "", { "dependencies": { "isexe": "^2.0.0" }, "bin": { "node-which": "./bin/node-which" } }, "sha512-BLI3Tl1TW3Pvl70l3yq3Y64i+awpwXqsGBYWkkqMtnbXgrMD+yj7rhW0kuEDxzJaYXGjEW5ogapKNMEKNMjibA=="],

    "wrap-ansi": ["wrap-ansi@7.0.0", "", { "dependencies": { "ansi-styles": "^4.0.0", "string-width": "^4.1.0", "strip-ansi": "^6.0.0" } }, "sha512-YVGIj2kamLSTxw6NsZjoBxfSwsn0ycdesmc4p+Q21c5zPuZ1pl+NfxVdxPtdHvmNVOQ6XSYG4AUtyt/Fi7D16Q=="],

    "y18n": ["y18n@5.0.8", "", {}, "sha512-0pfFzegeDWJHJIAmTLRP2DwHjdF5s7jo9tuztdQxAhINCdvS+3nGINqPd00AphqJR/0LhANUS6/+7SCb98YOfA=="],

    "yaml": ["yaml@2.8.2", "", { "bin": { "yaml": "bin.mjs" } }, "sha512-mplynKqc1C2hTVYxd0PU2xQAc22TI1vShAYGksCCfxbn/dFwnHTNi1bvYsBTkhdUNtGIf5xNOg938rrSSYvS9A=="],

    "yargs": ["yargs@17.7.2", "", { "dependencies": { "cliui": "^8.0.1", "escalade": "^3.1.1", "get-caller-file": "^2.0.5", "require-directory": "^2.1.1", "string-width": "^4.2.3", "y18n": "^5.0.5", "yargs-parser": "^21.1.1" } }, "sha512-7dSzzRQ++CKnNI/krKnYRV7JKKPUXMEh61soaHKg9mrWEhzFWhFnxPxGl+69cD1Ou63C13NUPCnmIcrvqCuM6w=="],

    "yargs-parser": ["yargs-parser@21.1.1", "", {}, "sha512-tVpsJW7DdjecAiFpbIB1e3qxIQsE6NoPc5/eTdrbbIC4h0LVsWhnoa3g+m2HclBIujHzsxZ4VJVA+GUuc2/LBw=="],

    "@serialport/bindings-cpp/@serialport/parser-readline": ["@serialport/parser-readline@11.0.0", "", { "dependencies": { "@serialport/parser-delimiter": "11.0.0" } }, "sha512-rRAivhRkT3YO28WjmmG4FQX6L+KMb5/ikhyylRfzWPw0nSXy97+u07peS9CbHqaNvJkMhH1locp2H36aGMOEIA=="],

    "@serialport/bindings-cpp/debug": ["debug@4.3.4", "", { "dependencies": { "ms": "2.1.2" } }, "sha512-PRWFHuSU3eDtQJPvnNY7Jcket1j0t5OuOsFzPPzsekD52Zl8qUfFIPEiswXqIvHWGVHOgX+7G/vCNNhehwxfkQ=="],

    "@serialport/bindings-cpp/node-addon-api": ["node-addon-api@7.0.0", "", {}, "sha512-vgbBJTS4m5/KkE16t5Ly0WW9hz46swAstv0hYYwMtbG7AznRhNyfLRe8HZAiWIpcHzoO7HxhLuBQj9rJ/Ho0ZA=="],

    "@serialport/bindings-cpp/node-gyp-build": ["node-gyp-build@4.6.0", "", { "bin": { "node-gyp-build": "bin.js", "node-gyp-build-test": "build-test.js", "node-gyp-build-optional": "optional.js" } }, "sha512-NTZVKn9IylLwUzaKjkas1e4u2DLNcV4rdYagA4PWdPwW87Bi7z+BznyKSRwS/761tV/lzCGXplWsiaMjLqP2zQ=="],

    "@serialport/stream/debug": ["debug@4.3.4", "", { "dependencies": { "ms": "2.1.2" } }, "sha512-PRWFHuSU3eDtQJPvnNY7Jcket1j0t5OuOsFzPPzsekD52Zl8qUfFIPEiswXqIvHWGVHOgX+7G/vCNNhehwxfkQ=="],

    "chalk/supports-color": ["supports-color@7.2.0", "", { "dependencies": { "has-flag": "^4.0.0" } }, "sha512-qpCAvRl9stuOHveKsn7HncJRvv501qIacKzQlO/+Lwxc9+0q2wLyv4Dfvt80/DPn2pqOBsJdDiogXGR9+OvwRw=="],

    "serialport/debug": ["debug@4.3.4", "", { "dependencies": { "ms": "2.1.2" } }, "sha512-PRWFHuSU3eDtQJPvnNY7Jcket1j0t5OuOsFzPPzsekD52Zl8qUfFIPEiswXqIvHWGVHOgX+7G/vCNNhehwxfkQ=="],

    "@serialport/bindings-cpp/@serialport/parser-readline/@serialport/parser-delimiter": ["@serialport/parser-delimiter@11.0.0", "", {}, "sha512-aZLJhlRTjSmEwllLG7S4J8s8ctRAS0cbvCpO87smLvl3e4BgzbVgF6Z6zaJd3Aji2uSiYgfedCdNc4L6W+1E2g=="],

    "@serialport/bindings-cpp/debug/ms": ["ms@2.1.2", "", {}, "sha512-sGkPx+VjMtmA6MX27oA4FBFELFCZZ4S4XqeGOXCv68tT+jb3vk/RyaKWP0PTKyWtmLSM0b+adUTEvbs1PEaH2w=="],

    "@serialport/stream/debug/ms": ["ms@2.1.2", "", {}, "sha512-sGkPx+VjMtmA6MX27oA4FBFELFCZZ4S4XqeGOXCv68tT+jb3vk/RyaKWP0PTKyWtmLSM0b+adUTEvbs1PEaH2w=="],

    "serialport/debug/ms": ["ms@2.1.2", "", {}, "sha512-sGkPx+VjMtmA6MX27oA4FBFELFCZZ4S4XqeGOXCv68tT+jb3vk/RyaKWP0PTKyWtmLSM0b+adUTEvbs1PEaH2w=="],
  }
}
